# THIS IS AN AUTOGENERATED FILE. DO NOT EDIT THIS FILE DIRECTLY.
# yarn lockfile v1


"@types/systemjs@^6.1.0":
  version "6.1.0"
  resolved "https://registry.npm.taobao.org/@types/systemjs/download/@types/systemjs-6.1.0.tgz#eb92e3181391b6f49b8310077fe65bfa3db9392a"
  integrity sha1-65LjGBORtvSbgxAHf+Zb+j25OSo=

systemjs@^6.8.3:
  version "6.8.3"
  resolved "https://registry.npm.taobao.org/systemjs/download/systemjs-6.8.3.tgz#67e27f49242e9d81c2b652b204ae54e8bfcc75a3"
  integrity sha1-Z+J/SSQunYHCtlKyBK5U6L/MdaM=
